
Microsoft Visual Studio Solution File, Format Version 12.00
# Visual Studio 14
VisualStudioVersion = 14.0.25420.1
MinimumVisualStudioVersion = 10.0.40219.1
Project("{FAE04EC0-301F-11D3-BF4B-00C04F79EFBC}") = "Binapsis.Plataforma.Estructura", "Binapsis.Plataforma.Estructura\Binapsis.Plataforma.Estructura.csproj", "{1095C376-0173-487D-BD2E-54991E05F539}"
EndProject
Project("{FAE04EC0-301F-11D3-BF4B-00C04F79EFBC}") = "Binapsis.Plataforma.Historial", "Binapsis.Plataforma.Historial\Binapsis.Plataforma.Historial.csproj", "{07EBC2AD-0697-43A3-A62D-333D75FBD4E5}"
EndProject
Project("{FAE04EC0-301F-11D3-BF4B-00C04F79EFBC}") = "Binapsis.Plataforma.Serializacion", "Binapsis.Plataforma.Serializacion\Binapsis.Plataforma.Serializacion.csproj", "{A7961B7C-6D4F-47E7-8D00-F95E1134E817}"
EndProject
Project("{FAE04EC0-301F-11D3-BF4B-00C04F79EFBC}") = "Binapsis.Plataforma.Configuracion", "Binapsis.Plataforma.Configuracion\Binapsis.Plataforma.Configuracion.csproj", "{431FB5CB-564F-4259-9E38-FA2CFB733625}"
EndProject
Project("{FAE04EC0-301F-11D3-BF4B-00C04F79EFBC}") = "Binapsis.Plataforma.Serializacion.Xml", "Binapsis.Plataforma.Serializacion.Xml\Binapsis.Plataforma.Serializacion.Xml.csproj", "{AE6BF23C-E25A-4D0E-94DE-81246AE2BCB5}"
EndProject
Project("{FAE04EC0-301F-11D3-BF4B-00C04F79EFBC}") = "Binapsis.Plataforma.Serializacion.Binario", "Binapsis.Plataforma.Serializacion.Binario\Binapsis.Plataforma.Serializacion.Binario.csproj", "{8102FE4D-58ED-4C59-80AF-E1B19F758EE8}"
EndProject
Project("{FAE04EC0-301F-11D3-BF4B-00C04F79EFBC}") = "Binapsis.Plataforma.Notificaciones", "Binapsis.Plataforma.Notificaciones\Binapsis.Plataforma.Notificaciones.csproj", "{EC26F237-92C5-47BD-81F3-E2F48E701EE2}"
EndProject
Project("{FAE04EC0-301F-11D3-BF4B-00C04F79EFBC}") = "Binapsis.Plataforma.Test", "Binapsis.Plataforma.Test\Binapsis.Plataforma.Test.csproj", "{030FAEB2-2A03-4B78-B37D-FC7CDAF15ACF}"
EndProject
Global
	GlobalSection(SolutionConfigurationPlatforms) = preSolution
		Debug|Any CPU = Debug|Any CPU
		Release|Any CPU = Release|Any CPU
	EndGlobalSection
	GlobalSection(ProjectConfigurationPlatforms) = postSolution
		{1095C376-0173-487D-BD2E-54991E05F539}.Debug|Any CPU.ActiveCfg = Debug|Any CPU
		{1095C376-0173-487D-BD2E-54991E05F539}.Debug|Any CPU.Build.0 = Debug|Any CPU
		{1095C376-0173-487D-BD2E-54991E05F539}.Release|Any CPU.ActiveCfg = Release|Any CPU
		{1095C376-0173-487D-BD2E-54991E05F539}.Release|Any CPU.Build.0 = Release|Any CPU
		{07EBC2AD-0697-43A3-A62D-333D75FBD4E5}.Debug|Any CPU.ActiveCfg = Debug|Any CPU
		{07EBC2AD-0697-43A3-A62D-333D75FBD4E5}.Debug|Any CPU.Build.0 = Debug|Any CPU
		{07EBC2AD-0697-43A3-A62D-333D75FBD4E5}.Release|Any CPU.ActiveCfg = Release|Any CPU
		{07EBC2AD-0697-43A3-A62D-333D75FBD4E5}.Release|Any CPU.Build.0 = Release|Any CPU
		{A7961B7C-6D4F-47E7-8D00-F95E1134E817}.Debug|Any CPU.ActiveCfg = Debug|Any CPU
		{A7961B7C-6D4F-47E7-8D00-F95E1134E817}.Debug|Any CPU.Build.0 = Debug|Any CPU
		{A7961B7C-6D4F-47E7-8D00-F95E1134E817}.Release|Any CPU.ActiveCfg = Release|Any CPU
		{A7961B7C-6D4F-47E7-8D00-F95E1134E817}.Release|Any CPU.Build.0 = Release|Any CPU
		{431FB5CB-564F-4259-9E38-FA2CFB733625}.Debug|Any CPU.ActiveCfg = Debug|Any CPU
		{431FB5CB-564F-4259-9E38-FA2CFB733625}.Debug|Any CPU.Build.0 = Debug|Any CPU
		{431FB5CB-564F-4259-9E38-FA2CFB733625}.Release|Any CPU.ActiveCfg = Release|Any CPU
		{431FB5CB-564F-4259-9E38-FA2CFB733625}.Release|Any CPU.Build.0 = Release|Any CPU
		{AE6BF23C-E25A-4D0E-94DE-81246AE2BCB5}.Debug|Any CPU.ActiveCfg = Debug|Any CPU
		{AE6BF23C-E25A-4D0E-94DE-81246AE2BCB5}.Debug|Any CPU.Build.0 = Debug|Any CPU
		{AE6BF23C-E25A-4D0E-94DE-81246AE2BCB5}.Release|Any CPU.ActiveCfg = Release|Any CPU
		{AE6BF23C-E25A-4D0E-94DE-81246AE2BCB5}.Release|Any CPU.Build.0 = Release|Any CPU
		{8102FE4D-58ED-4C59-80AF-E1B19F758EE8}.Debug|Any CPU.ActiveCfg = Debug|Any CPU
		{8102FE4D-58ED-4C59-80AF-E1B19F758EE8}.Debug|Any CPU.Build.0 = Debug|Any CPU
		{8102FE4D-58ED-4C59-80AF-E1B19F758EE8}.Release|Any CPU.ActiveCfg = Release|Any CPU
		{8102FE4D-58ED-4C59-80AF-E1B19F758EE8}.Release|Any CPU.Build.0 = Release|Any CPU
		{EC26F237-92C5-47BD-81F3-E2F48E701EE2}.Debug|Any CPU.ActiveCfg = Debug|Any CPU
		{EC26F237-92C5-47BD-81F3-E2F48E701EE2}.Debug|Any CPU.Build.0 = Debug|Any CPU
		{EC26F237-92C5-47BD-81F3-E2F48E701EE2}.Release|Any CPU.ActiveCfg = Release|Any CPU
		{EC26F237-92C5-47BD-81F3-E2F48E701EE2}.Release|Any CPU.Build.0 = Release|Any CPU
		{030FAEB2-2A03-4B78-B37D-FC7CDAF15ACF}.Debug|Any CPU.ActiveCfg = Debug|Any CPU
		{030FAEB2-2A03-4B78-B37D-FC7CDAF15ACF}.Debug|Any CPU.Build.0 = Debug|Any CPU
		{030FAEB2-2A03-4B78-B37D-FC7CDAF15ACF}.Release|Any CPU.ActiveCfg = Release|Any CPU
		{030FAEB2-2A03-4B78-B37D-FC7CDAF15ACF}.Release|Any CPU.Build.0 = Release|Any CPU
	EndGlobalSection
	GlobalSection(SolutionProperties) = preSolution
		HideSolutionNode = FALSE
	EndGlobalSection
EndGlobal
